PODS:
  - Flutter (1.0.0)
  - flutter_smartcar_auth (1.0.6):
    - Flutter
    - SmartcarAuth (= 5.3.1)
  - SmartcarAuth (5.3.1)

DEPENDENCIES:
  - Flutter (from `Flutter`)
  - flutter_smartcar_auth (from `.symlinks/plugins/flutter_smartcar_auth/ios`)

SPEC REPOS:
  trunk:
    - SmartcarAuth

EXTERNAL SOURCES:
  Flutter:
    :path: Flutter
  flutter_smartcar_auth:
    :path: ".symlinks/plugins/flutter_smartcar_auth/ios"

SPEC CHECKSUMS:
  Flutter: f04841e97a9d0b0a8025694d0796dd46242b2854
  flutter_smartcar_auth: 07421a0bbfbbd1cb012a784d31944f584fc3c453
  SmartcarAuth: 5d329bc76b8c984b046246a53d495ff279b57167

PODFILE CHECKSUM: 7368163408c647b7eb699d0d788ba6718e18fb8d

COCOAPODS: 1.15.2
