PODS:
  - Flutter (1.0.0)
  - flutter_smartcar_auth (1.0.2):
    - Flutter
    - SmartcarAuth (= 4.1.3)
  - SmartcarAuth (4.1.3)

DEPENDENCIES:
  - Flutter (from `Flutter`)
  - flutter_smartcar_auth (from `.symlinks/plugins/flutter_smartcar_auth/ios`)

SPEC REPOS:
  trunk:
    - SmartcarAuth

EXTERNAL SOURCES:
  Flutter:
    :path: Flutter
  flutter_smartcar_auth:
    :path: ".symlinks/plugins/flutter_smartcar_auth/ios"

SPEC CHECKSUMS:
  Flutter: f04841e97a9d0b0a8025694d0796dd46242b2854
  flutter_smartcar_auth: 90458c7b7141fa9d465774c40b9b42cb15476d3f
  SmartcarAuth: c2fe7f21c7f06ac91a2bfe60eb1cf2b5903877f8

PODFILE CHECKSUM: 7368163408c647b7eb699d0d788ba6718e18fb8d

COCOAPODS: 1.12.1
