PODS:
  - Flutter (1.0.0)
  - flutter_smartcar_auth (1.0.6):
    - Flutter
    - SmartcarAuth (= 6.0.2)
  - SmartcarAuth (6.0.2)

DEPENDENCIES:
  - Flutter (from `Flutter`)
  - flutter_smartcar_auth (from `.symlinks/plugins/flutter_smartcar_auth/ios`)

SPEC REPOS:
  trunk:
    - SmartcarAuth

EXTERNAL SOURCES:
  Flutter:
    :path: Flutter
  flutter_smartcar_auth:
    :path: ".symlinks/plugins/flutter_smartcar_auth/ios"

SPEC CHECKSUMS:
  Flutter: e0871f40cf51350855a761d2e70bf5af5b9b5de7
  flutter_smartcar_auth: c137f5ba8694193eaf19e1835641b009f5e4b3fb
  SmartcarAuth: 4c00735620d02b37ab966c8290d1d302580f16e1

PODFILE CHECKSUM: cc1f88378b4bfcf93a6ce00d2c587857c6008d3b

COCOAPODS: 1.15.2
